// !$*UTF8*$!
{
	archiveVersion = 1;
	classes = {
	};
	objectVersion = 50;
	objects = {

/* Begin PBXBuildFile section */
		172137452575237A0072A077 /* Transitions_Challenge1.swift in Sources */ = {isa = PBXBuildFile; fileRef = 172137442575237A0072A077 /* Transitions_Challenge1.swift */; };
		1721374825752AF90072A077 /* Transitions_Challenge2.swift in Sources */ = {isa = PBXBuildFile; fileRef = 1721374725752AF90072A077 /* Transitions_Challenge2.swift */; };
		1777463B25744BFE0048BD08 /* SpringAnimationOptions_Challenge1.swift in Sources */ = {isa = PBXBuildFile; fileRef = 1777463725744BEA0048BD08 /* SpringAnimationOptions_Challenge1.swift */; };
		1777463E25744C020048BD08 /* SpringAnimationOptions_Exercise.swift in Sources */ = {isa = PBXBuildFile; fileRef = 1777462F257446F30048BD08 /* SpringAnimationOptions_Exercise.swift */; };
		177746412574F66E0048BD08 /* Transitions_Exercise.swift in Sources */ = {isa = PBXBuildFile; fileRef = 177746402574F66E0048BD08 /* Transitions_Exercise.swift */; };
		17D6BC4F256F97E100D87934 /* SwiftUIAnimationsApp.swift in Sources */ = {isa = PBXBuildFile; fileRef = 17D6BC4E256F97E100D87934 /* SwiftUIAnimationsApp.swift */; };
		17D6BC51256F97E100D87934 /* ContentView.swift in Sources */ = {isa = PBXBuildFile; fileRef = 17D6BC50256F97E100D87934 /* ContentView.swift */; };
		17D6BC53256F97E200D87934 /* Assets.xcassets in Resources */ = {isa = PBXBuildFile; fileRef = 17D6BC52256F97E200D87934 /* Assets.xcassets */; };
		17D6BC56256F97E200D87934 /* Preview Assets.xcassets in Resources */ = {isa = PBXBuildFile; fileRef = 17D6BC55256F97E200D87934 /* Preview Assets.xcassets */; };
		17D6BC5F256F97F200D87934 /* GettingStarted_Challenge1.swift in Sources */ = {isa = PBXBuildFile; fileRef = 17D6BC5E256F97F200D87934 /* GettingStarted_Challenge1.swift */; };
		17D6BC64256F996400D87934 /* HelperViews.swift in Sources */ = {isa = PBXBuildFile; fileRef = 17D6BC63256F996400D87934 /* HelperViews.swift */; };
		17D6BC67256F9AA600D87934 /* GettingStarted_Challenge2.swift in Sources */ = {isa = PBXBuildFile; fileRef = 17D6BC66256F9AA600D87934 /* GettingStarted_Challenge2.swift */; };
		17D6BC6B256FA17400D87934 /* BasicAnimations_Exercise.swift in Sources */ = {isa = PBXBuildFile; fileRef = 17D6BC6A256FA17400D87934 /* BasicAnimations_Exercise.swift */; };
		17D6BC71256FA4A700D87934 /* BasicAnimations_Challenge1.swift in Sources */ = {isa = PBXBuildFile; fileRef = 17D6BC70256FA4A700D87934 /* BasicAnimations_Challenge1.swift */; };
		17D6BC7D256FA86200D87934 /* BasicAnimations_Challenge2.swift in Sources */ = {isa = PBXBuildFile; fileRef = 17D6BC79256FA7B400D87934 /* BasicAnimations_Challenge2.swift */; };
		17D6BC8525710BD500D87934 /* Triggers_Exercise.swift in Sources */ = {isa = PBXBuildFile; fileRef = 17D6BC7F25710B0700D87934 /* Triggers_Exercise.swift */; };
		17D6BC942571337500D87934 /* Triggers_Challenge1.swift in Sources */ = {isa = PBXBuildFile; fileRef = 17D6BC8725712DC000D87934 /* Triggers_Challenge1.swift */; };
		17D6BC9D25715A1300D87934 /* AnimationOptions_Exercise.swift in Sources */ = {isa = PBXBuildFile; fileRef = 17D6BC9625714E4100D87934 /* AnimationOptions_Exercise.swift */; };
		17D6BCA3257164DD00D87934 /* AnimationOptions_Challenge1.swift in Sources */ = {isa = PBXBuildFile; fileRef = 17D6BC9F257164CB00D87934 /* AnimationOptions_Challenge1.swift */; };
		17D6BCA72571985200D87934 /* AnimationOptions_Challenge2.swift in Sources */ = {isa = PBXBuildFile; fileRef = 17D6BCA62571985200D87934 /* AnimationOptions_Challenge2.swift */; };
		17D86AAD25755EF1004D34D7 /* CustomTimingCurve_Exercise.swift in Sources */ = {isa = PBXBuildFile; fileRef = 17D86AA725755D84004D34D7 /* CustomTimingCurve_Exercise.swift */; };
		17D86AB0257562C8004D34D7 /* ButtonStyleLightOutline.swift in Sources */ = {isa = PBXBuildFile; fileRef = 17D86AAF257562C8004D34D7 /* ButtonStyleLightOutline.swift */; };
		17D86AB32575698E004D34D7 /* CustomTimingCurve_Challenge1.swift in Sources */ = {isa = PBXBuildFile; fileRef = 17D86AB22575698E004D34D7 /* CustomTimingCurve_Challenge1.swift */; };
		17D86AB625759BC8004D34D7 /* MatchedGeometryEffect_Exercise.swift in Sources */ = {isa = PBXBuildFile; fileRef = 17D86AB525759BC8004D34D7 /* MatchedGeometryEffect_Exercise.swift */; };
		17D86ABB25759C98004D34D7 /* Data.swift in Sources */ = {isa = PBXBuildFile; fileRef = 17D86ABA25759C98004D34D7 /* Data.swift */; };
		17D86ABE25761748004D34D7 /* ParkDetailView.swift in Sources */ = {isa = PBXBuildFile; fileRef = 17D86ABD25761748004D34D7 /* ParkDetailView.swift */; };
		17D86AC125763ED3004D34D7 /* ParksRowView.swift in Sources */ = {isa = PBXBuildFile; fileRef = 17D86AC025763ED3004D34D7 /* ParksRowView.swift */; };
		17D86AC425763F57004D34D7 /* ParksSectionHeaderView.swift in Sources */ = {isa = PBXBuildFile; fileRef = 17D86AC325763F57004D34D7 /* ParksSectionHeaderView.swift */; };
		17D86AC825764402004D34D7 /* RoundedCorner.swift in Sources */ = {isa = PBXBuildFile; fileRef = 17D86AC725764402004D34D7 /* RoundedCorner.swift */; };
		17D86ACB25764453004D34D7 /* MatchedGeometryEffect_Challenge1.swift in Sources */ = {isa = PBXBuildFile; fileRef = 17D86ACA25764453004D34D7 /* MatchedGeometryEffect_Challenge1.swift */; };
		17D86ACE25764C2B004D34D7 /* CardView.swift in Sources */ = {isa = PBXBuildFile; fileRef = 17D86ACD25764C2B004D34D7 /* CardView.swift */; };
		17D86AD32576B5D8004D34D7 /* ParksListView.swift in Sources */ = {isa = PBXBuildFile; fileRef = 17D86AD22576B5D8004D34D7 /* ParksListView.swift */; };
/* End PBXBuildFile section */

/* Begin PBXFileReference section */
		172137442575237A0072A077 /* Transitions_Challenge1.swift */ = {isa = PBXFileReference; lastKnownFileType = sourcecode.swift; path = Transitions_Challenge1.swift; sourceTree = "<group>"; };
		1721374725752AF90072A077 /* Transitions_Challenge2.swift */ = {isa = PBXFileReference; lastKnownFileType = sourcecode.swift; path = Transitions_Challenge2.swift; sourceTree = "<group>"; };
		1777462F257446F30048BD08 /* SpringAnimationOptions_Exercise.swift */ = {isa = PBXFileReference; lastKnownFileType = sourcecode.swift; path = SpringAnimationOptions_Exercise.swift; sourceTree = "<group>"; };
		1777463725744BEA0048BD08 /* SpringAnimationOptions_Challenge1.swift */ = {isa = PBXFileReference; lastKnownFileType = sourcecode.swift; path = SpringAnimationOptions_Challenge1.swift; sourceTree = "<group>"; };
		177746402574F66E0048BD08 /* Transitions_Exercise.swift */ = {isa = PBXFileReference; lastKnownFileType = sourcecode.swift; path = Transitions_Exercise.swift; sourceTree = "<group>"; };
		17D6BC4B256F97E100D87934 /* SwiftUIAnimations.app */ = {isa = PBXFileReference; explicitFileType = wrapper.application; includeInIndex = 0; path = SwiftUIAnimations.app; sourceTree = BUILT_PRODUCTS_DIR; };
		17D6BC4E256F97E100D87934 /* SwiftUIAnimationsApp.swift */ = {isa = PBXFileReference; lastKnownFileType = sourcecode.swift; path = SwiftUIAnimationsApp.swift; sourceTree = "<group>"; };
		17D6BC50256F97E100D87934 /* ContentView.swift */ = {isa = PBXFileReference; lastKnownFileType = sourcecode.swift; path = ContentView.swift; sourceTree = "<group>"; };
		17D6BC52256F97E200D87934 /* Assets.xcassets */ = {isa = PBXFileReference; lastKnownFileType = folder.assetcatalog; path = Assets.xcassets; sourceTree = "<group>"; };
		17D6BC55256F97E200D87934 /* Preview Assets.xcassets */ = {isa = PBXFileReference; lastKnownFileType = folder.assetcatalog; path = "Preview Assets.xcassets"; sourceTree = "<group>"; };
		17D6BC57256F97E200D87934 /* Info.plist */ = {isa = PBXFileReference; lastKnownFileType = text.plist.xml; path = Info.plist; sourceTree = "<group>"; };
		17D6BC5E256F97F200D87934 /* GettingStarted_Challenge1.swift */ = {isa = PBXFileReference; lastKnownFileType = sourcecode.swift; path = GettingStarted_Challenge1.swift; sourceTree = "<group>"; };
		17D6BC63256F996400D87934 /* HelperViews.swift */ = {isa = PBXFileReference; lastKnownFileType = sourcecode.swift; path = HelperViews.swift; sourceTree = "<group>"; };
		17D6BC66256F9AA600D87934 /* GettingStarted_Challenge2.swift */ = {isa = PBXFileReference; lastKnownFileType = sourcecode.swift; path = GettingStarted_Challenge2.swift; sourceTree = "<group>"; };
		17D6BC6A256FA17400D87934 /* BasicAnimations_Exercise.swift */ = {isa = PBXFileReference; lastKnownFileType = sourcecode.swift; path = BasicAnimations_Exercise.swift; sourceTree = "<group>"; };
		17D6BC70256FA4A700D87934 /* BasicAnimations_Challenge1.swift */ = {isa = PBXFileReference; lastKnownFileType = sourcecode.swift; path = BasicAnimations_Challenge1.swift; sourceTree = "<group>"; };
		17D6BC79256FA7B400D87934 /* BasicAnimations_Challenge2.swift */ = {isa = PBXFileReference; lastKnownFileType = sourcecode.swift; path = BasicAnimations_Challenge2.swift; sourceTree = "<group>"; };
		17D6BC7F25710B0700D87934 /* Triggers_Exercise.swift */ = {isa = PBXFileReference; lastKnownFileType = sourcecode.swift; path = Triggers_Exercise.swift; sourceTree = "<group>"; };
		17D6BC8725712DC000D87934 /* Triggers_Challenge1.swift */ = {isa = PBXFileReference; lastKnownFileType = sourcecode.swift; path = Triggers_Challenge1.swift; sourceTree = "<group>"; };
		17D6BC9625714E4100D87934 /* AnimationOptions_Exercise.swift */ = {isa = PBXFileReference; lastKnownFileType = sourcecode.swift; path = AnimationOptions_Exercise.swift; sourceTree = "<group>"; };
		17D6BC9F257164CB00D87934 /* AnimationOptions_Challenge1.swift */ = {isa = PBXFileReference; lastKnownFileType = sourcecode.swift; path = AnimationOptions_Challenge1.swift; sourceTree = "<group>"; };
		17D6BCA62571985200D87934 /* AnimationOptions_Challenge2.swift */ = {isa = PBXFileReference; lastKnownFileType = sourcecode.swift; path = AnimationOptions_Challenge2.swift; sourceTree = "<group>"; };
		17D86AA725755D84004D34D7 /* CustomTimingCurve_Exercise.swift */ = {isa = PBXFileReference; lastKnownFileType = sourcecode.swift; path = CustomTimingCurve_Exercise.swift; sourceTree = "<group>"; };
		17D86AAF257562C8004D34D7 /* ButtonStyleLightOutline.swift */ = {isa = PBXFileReference; lastKnownFileType = sourcecode.swift; path = ButtonStyleLightOutline.swift; sourceTree = "<group>"; };
		17D86AB22575698E004D34D7 /* CustomTimingCurve_Challenge1.swift */ = {isa = PBXFileReference; lastKnownFileType = sourcecode.swift; path = CustomTimingCurve_Challenge1.swift; sourceTree = "<group>"; };
		17D86AB525759BC8004D34D7 /* MatchedGeometryEffect_Exercise.swift */ = {isa = PBXFileReference; lastKnownFileType = sourcecode.swift; path = MatchedGeometryEffect_Exercise.swift; sourceTree = "<group>"; };
		17D86ABA25759C98004D34D7 /* Data.swift */ = {isa = PBXFileReference; lastKnownFileType = sourcecode.swift; path = Data.swift; sourceTree = "<group>"; };
		17D86ABD25761748004D34D7 /* ParkDetailView.swift */ = {isa = PBXFileReference; lastKnownFileType = sourcecode.swift; path = ParkDetailView.swift; sourceTree = "<group>"; };
		17D86AC025763ED3004D34D7 /* ParksRowView.swift */ = {isa = PBXFileReference; lastKnownFileType = sourcecode.swift; path = ParksRowView.swift; sourceTree = "<group>"; };
		17D86AC325763F57004D34D7 /* ParksSectionHeaderView.swift */ = {isa = PBXFileReference; lastKnownFileType = sourcecode.swift; path = ParksSectionHeaderView.swift; sourceTree = "<group>"; };
		17D86AC725764402004D34D7 /* RoundedCorner.swift */ = {isa = PBXFileReference; fileEncoding = 4; lastKnownFileType = sourcecode.swift; path = RoundedCorner.swift; sourceTree = "<group>"; };
		17D86ACA25764453004D34D7 /* MatchedGeometryEffect_Challenge1.swift */ = {isa = PBXFileReference; lastKnownFileType = sourcecode.swift; path = MatchedGeometryEffect_Challenge1.swift; sourceTree = "<group>"; };
		17D86ACD25764C2B004D34D7 /* CardView.swift */ = {isa = PBXFileReference; lastKnownFileType = sourcecode.swift; path = CardView.swift; sourceTree = "<group>"; };
		17D86AD02576AA9A004D34D7 /* README.md */ = {isa = PBXFileReference; lastKnownFileType = net.daringfireball.markdown; path = README.md; sourceTree = "<group>"; };
		17D86AD22576B5D8004D34D7 /* ParksListView.swift */ = {isa = PBXFileReference; lastKnownFileType = sourcecode.swift; path = ParksListView.swift; sourceTree = "<group>"; };
/* End PBXFileReference section */

/* Begin PBXFrameworksBuildPhase section */
		17D6BC48256F97E100D87934 /* Frameworks */ = {
			isa = PBXFrameworksBuildPhase;
			buildActionMask = 2147483647;
			files = (
			);
			runOnlyForDeploymentPostprocessing = 0;
		};
/* End PBXFrameworksBuildPhase section */

/* Begin PBXGroup section */
		17774632257446FE0048BD08 /* Spring Animation Options */ = {
			isa = PBXGroup;
			children = (
				1777462F257446F30048BD08 /* SpringAnimationOptions_Exercise.swift */,
				1777463725744BEA0048BD08 /* SpringAnimationOptions_Challenge1.swift */,
			);
			path = "Spring Animation Options";
			sourceTree = "<group>";
		};
		177746432574F6730048BD08 /* Transitions */ = {
			isa = PBXGroup;
			children = (
				177746402574F66E0048BD08 /* Transitions_Exercise.swift */,
				172137442575237A0072A077 /* Transitions_Challenge1.swift */,
				1721374725752AF90072A077 /* Transitions_Challenge2.swift */,
			);
			path = Transitions;
			sourceTree = "<group>";
		};
		17D6BC42256F97E100D87934 = {
			isa = PBXGroup;
			children = (
				17D86AD02576AA9A004D34D7 /* README.md */,
				17D6BC4D256F97E100D87934 /* SwiftUIAnimations */,
				17D6BC4C256F97E100D87934 /* Products */,
			);
			sourceTree = "<group>";
		};
		17D6BC4C256F97E100D87934 /* Products */ = {
			isa = PBXGroup;
			children = (
				17D6BC4B256F97E100D87934 /* SwiftUIAnimations.app */,
			);
			name = Products;
			sourceTree = "<group>";
		};
		17D6BC4D256F97E100D87934 /* SwiftUIAnimations */ = {
			isa = PBXGroup;
			children = (
				17D6BC4E256F97E100D87934 /* SwiftUIAnimationsApp.swift */,
				17D6BC50256F97E100D87934 /* ContentView.swift */,
				17D6BC63256F996400D87934 /* HelperViews.swift */,
				17D6BC6E256FA49A00D87934 /* Getting Started */,
				17D6BC6D256FA48C00D87934 /* Basic Animations */,
				17D6BC8225710B0C00D87934 /* Triggers */,
				17D6BC9925714E4600D87934 /* Animation Options */,
				17774632257446FE0048BD08 /* Spring Animation Options */,
				177746432574F6730048BD08 /* Transitions */,
				17D86AAA25755DB0004D34D7 /* Custom Timing Curve */,
				17D6BC52256F97E200D87934 /* Assets.xcassets */,
				17D6BC57256F97E200D87934 /* Info.plist */,
				17D86AB825759BD4004D34D7 /* Matched Geometry Effect */,
				17D6BC54256F97E200D87934 /* Preview Content */,
			);
			path = SwiftUIAnimations;
			sourceTree = "<group>";
		};
		17D6BC54256F97E200D87934 /* Preview Content */ = {
			isa = PBXGroup;
			children = (
				17D6BC55256F97E200D87934 /* Preview Assets.xcassets */,
			);
			path = "Preview Content";
			sourceTree = "<group>";
		};
		17D6BC6D256FA48C00D87934 /* Basic Animations */ = {
			isa = PBXGroup;
			children = (
				17D6BC6A256FA17400D87934 /* BasicAnimations_Exercise.swift */,
				17D6BC70256FA4A700D87934 /* BasicAnimations_Challenge1.swift */,
				17D6BC79256FA7B400D87934 /* BasicAnimations_Challenge2.swift */,
			);
			path = "Basic Animations";
			sourceTree = "<group>";
		};
		17D6BC6E256FA49A00D87934 /* Getting Started */ = {
			isa = PBXGroup;
			children = (
				17D6BC5E256F97F200D87934 /* GettingStarted_Challenge1.swift */,
				17D6BC66256F9AA600D87934 /* GettingStarted_Challenge2.swift */,
			);
			path = "Getting Started";
			sourceTree = "<group>";
		};
		17D6BC8225710B0C00D87934 /* Triggers */ = {
			isa = PBXGroup;
			children = (
				17D6BC7F25710B0700D87934 /* Triggers_Exercise.swift */,
				17D6BC8725712DC000D87934 /* Triggers_Challenge1.swift */,
			);
			path = Triggers;
			sourceTree = "<group>";
		};
		17D6BC9925714E4600D87934 /* Animation Options */ = {
			isa = PBXGroup;
			children = (
				17D6BC9625714E4100D87934 /* AnimationOptions_Exercise.swift */,
				17D6BC9F257164CB00D87934 /* AnimationOptions_Challenge1.swift */,
				17D6BCA62571985200D87934 /* AnimationOptions_Challenge2.swift */,
			);
			path = "Animation Options";
			sourceTree = "<group>";
		};
		17D86AAA25755DB0004D34D7 /* Custom Timing Curve */ = {
			isa = PBXGroup;
			children = (
				17D86AA725755D84004D34D7 /* CustomTimingCurve_Exercise.swift */,
				17D86AAF257562C8004D34D7 /* ButtonStyleLightOutline.swift */,
				17D86AB22575698E004D34D7 /* CustomTimingCurve_Challenge1.swift */,
			);
			path = "Custom Timing Curve";
			sourceTree = "<group>";
		};
		17D86AB825759BD4004D34D7 /* Matched Geometry Effect */ = {
			isa = PBXGroup;
			children = (
				17D86AB525759BC8004D34D7 /* MatchedGeometryEffect_Exercise.swift */,
				17D86ACA25764453004D34D7 /* MatchedGeometryEffect_Challenge1.swift */,
				17D86AD22576B5D8004D34D7 /* ParksListView.swift */,
				17D86AC325763F57004D34D7 /* ParksSectionHeaderView.swift */,
				17D86AC025763ED3004D34D7 /* ParksRowView.swift */,
				17D86ABD25761748004D34D7 /* ParkDetailView.swift */,
				17D86ACD25764C2B004D34D7 /* CardView.swift */,
				17D86ABA25759C98004D34D7 /* Data.swift */,
				17D86AC725764402004D34D7 /* RoundedCorner.swift */,
			);
			path = "Matched Geometry Effect";
			sourceTree = "<group>";
		};
/* End PBXGroup section */

/* Begin PBXNativeTarget section */
		17D6BC4A256F97E100D87934 /* SwiftUIAnimations */ = {
			isa = PBXNativeTarget;
			buildConfigurationList = 17D6BC5A256F97E200D87934 /* Build configuration list for PBXNativeTarget "SwiftUIAnimations" */;
			buildPhases = (
				17D6BC47256F97E100D87934 /* Sources */,
				17D6BC48256F97E100D87934 /* Frameworks */,
				17D6BC49256F97E100D87934 /* Resources */,
			);
			buildRules = (
			);
			dependencies = (
			);
			name = SwiftUIAnimations;
			productName = SwiftUIAnimations;
			productReference = 17D6BC4B256F97E100D87934 /* SwiftUIAnimations.app */;
			productType = "com.apple.product-type.application";
		};
/* End PBXNativeTarget section */

/* Begin PBXProject section */
		17D6BC43256F97E100D87934 /* Project object */ = {
			isa = PBXProject;
			attributes = {
				LastSwiftUpdateCheck = 1220;
				LastUpgradeCheck = 1220;
				TargetAttributes = {
					17D6BC4A256F97E100D87934 = {
						CreatedOnToolsVersion = 12.2;
					};
				};
			};
			buildConfigurationList = 17D6BC46256F97E100D87934 /* Build configuration list for PBXProject "MySwiftUIAnimations" */;
			compatibilityVersion = "Xcode 9.3";
			developmentRegion = en;
			hasScannedForEncodings = 0;
			knownRegions = (
				en,
				Base,
			);
			mainGroup = 17D6BC42256F97E100D87934;
			productRefGroup = 17D6BC4C256F97E100D87934 /* Products */;
			projectDirPath = "";
			projectRoot = "";
			targets = (
				17D6BC4A256F97E100D87934 /* SwiftUIAnimations */,
			);
		};
/* End PBXProject section */

/* Begin PBXResourcesBuildPhase section */
		17D6BC49256F97E100D87934 /* Resources */ = {
			isa = PBXResourcesBuildPhase;
			buildActionMask = 2147483647;
			files = (
				17D6BC56256F97E200D87934 /* Preview Assets.xcassets in Resources */,
				17D6BC53256F97E200D87934 /* Assets.xcassets in Resources */,
			);
			runOnlyForDeploymentPostprocessing = 0;
		};
/* End PBXResourcesBuildPhase section */

/* Begin PBXSourcesBuildPhase section */
		17D6BC47256F97E100D87934 /* Sources */ = {
			isa = PBXSourcesBuildPhase;
			buildActionMask = 2147483647;
			files = (
				17D6BC7D256FA86200D87934 /* BasicAnimations_Challenge2.swift in Sources */,
				17D6BC67256F9AA600D87934 /* GettingStarted_Challenge2.swift in Sources */,
				17D6BC8525710BD500D87934 /* Triggers_Exercise.swift in Sources */,
				17D86ABE25761748004D34D7 /* ParkDetailView.swift in Sources */,
				17D86AAD25755EF1004D34D7 /* CustomTimingCurve_Exercise.swift in Sources */,
				17D6BCA72571985200D87934 /* AnimationOptions_Challenge2.swift in Sources */,
				17D86AD32576B5D8004D34D7 /* ParksListView.swift in Sources */,
				17D86AB32575698E004D34D7 /* CustomTimingCurve_Challenge1.swift in Sources */,
				17D6BC6B256FA17400D87934 /* BasicAnimations_Exercise.swift in Sources */,
				17D6BC942571337500D87934 /* Triggers_Challenge1.swift in Sources */,
				172137452575237A0072A077 /* Transitions_Challenge1.swift in Sources */,
				1777463B25744BFE0048BD08 /* SpringAnimationOptions_Challenge1.swift in Sources */,
				17D6BC9D25715A1300D87934 /* AnimationOptions_Exercise.swift in Sources */,
				17D6BC71256FA4A700D87934 /* BasicAnimations_Challenge1.swift in Sources */,
				17D6BC5F256F97F200D87934 /* GettingStarted_Challenge1.swift in Sources */,
				17D86ABB25759C98004D34D7 /* Data.swift in Sources */,
				17D86ACE25764C2B004D34D7 /* CardView.swift in Sources */,
				177746412574F66E0048BD08 /* Transitions_Exercise.swift in Sources */,
				17D6BCA3257164DD00D87934 /* AnimationOptions_Challenge1.swift in Sources */,
				17D86AB625759BC8004D34D7 /* MatchedGeometryEffect_Exercise.swift in Sources */,
				17D86AC125763ED3004D34D7 /* ParksRowView.swift in Sources */,
				17D86ACB25764453004D34D7 /* MatchedGeometryEffect_Challenge1.swift in Sources */,
				17D86AC425763F57004D34D7 /* ParksSectionHeaderView.swift in Sources */,
				1721374825752AF90072A077 /* Transitions_Challenge2.swift in Sources */,
				17D86AC825764402004D34D7 /* RoundedCorner.swift in Sources */,
				1777463E25744C020048BD08 /* SpringAnimationOptions_Exercise.swift in Sources */,
				17D6BC51256F97E100D87934 /* ContentView.swift in Sources */,
				17D86AB0257562C8004D34D7 /* ButtonStyleLightOutline.swift in Sources */,
				17D6BC64256F996400D87934 /* HelperViews.swift in Sources */,
				17D6BC4F256F97E100D87934 /* SwiftUIAnimationsApp.swift in Sources */,
			);
			runOnlyForDeploymentPostprocessing = 0;
		};
/* End PBXSourcesBuildPhase section */

/* Begin XCBuildConfiguration section */
		17D6BC58256F97E200D87934 /* Debug */ = {
			isa = XCBuildConfiguration;
			buildSettings = {
				ALWAYS_SEARCH_USER_PATHS = NO;
				CLANG_ANALYZER_NONNULL = YES;
				CLANG_ANALYZER_NUMBER_OBJECT_CONVERSION = YES_AGGRESSIVE;
				CLANG_CXX_LANGUAGE_STANDARD = "gnu++14";
				CLANG_CXX_LIBRARY = "libc++";
				CLANG_ENABLE_MODULES = YES;
				CLANG_ENABLE_OBJC_ARC = YES;
				CLANG_ENABLE_OBJC_WEAK = YES;
				CLANG_WARN_BLOCK_CAPTURE_AUTORELEASING = YES;
				CLANG_WARN_BOOL_CONVERSION = YES;
				CLANG_WARN_COMMA = YES;
				CLANG_WARN_CONSTANT_CONVERSION = YES;
				CLANG_WARN_DEPRECATED_OBJC_IMPLEMENTATIONS = YES;
				CLANG_WARN_DIRECT_OBJC_ISA_USAGE = YES_ERROR;
				CLANG_WARN_DOCUMENTATION_COMMENTS = YES;
				CLANG_WARN_EMPTY_BODY = YES;
				CLANG_WARN_ENUM_CONVERSION = YES;
				CLANG_WARN_INFINITE_RECURSION = YES;
				CLANG_WARN_INT_CONVERSION = YES;
				CLANG_WARN_NON_LITERAL_NULL_CONVERSION = YES;
				CLANG_WARN_OBJC_IMPLICIT_RETAIN_SELF = YES;
				CLANG_WARN_OBJC_LITERAL_CONVERSION = YES;
				CLANG_WARN_OBJC_ROOT_CLASS = YES_ERROR;
				CLANG_WARN_QUOTED_INCLUDE_IN_FRAMEWORK_HEADER = YES;
				CLANG_WARN_RANGE_LOOP_ANALYSIS = YES;
				CLANG_WARN_STRICT_PROTOTYPES = YES;
				CLANG_WARN_SUSPICIOUS_MOVE = YES;
				CLANG_WARN_UNGUARDED_AVAILABILITY = YES_AGGRESSIVE;
				CLANG_WARN_UNREACHABLE_CODE = YES;
				CLANG_WARN__DUPLICATE_METHOD_MATCH = YES;
				COPY_PHASE_STRIP = NO;
				DEBUG_INFORMATION_FORMAT = dwarf;
				ENABLE_STRICT_OBJC_MSGSEND = YES;
				ENABLE_TESTABILITY = YES;
				GCC_C_LANGUAGE_STANDARD = gnu11;
				GCC_DYNAMIC_NO_PIC = NO;
				GCC_NO_COMMON_BLOCKS = YES;
				GCC_OPTIMIZATION_LEVEL = 0;
				GCC_PREPROCESSOR_DEFINITIONS = (
					"DEBUG=1",
					"$(inherited)",
				);
				GCC_WARN_64_TO_32_BIT_CONVERSION = YES;
				GCC_WARN_ABOUT_RETURN_TYPE = YES_ERROR;
				GCC_WARN_UNDECLARED_SELECTOR = YES;
				GCC_WARN_UNINITIALIZED_AUTOS = YES_AGGRESSIVE;
				GCC_WARN_UNUSED_FUNCTION = YES;
				GCC_WARN_UNUSED_VARIABLE = YES;
				IPHONEOS_DEPLOYMENT_TARGET = 14.2;
				MTL_ENABLE_DEBUG_INFO = INCLUDE_SOURCE;
				MTL_FAST_MATH = YES;
				ONLY_ACTIVE_ARCH = YES;
				SDKROOT = iphoneos;
				SWIFT_ACTIVE_COMPILATION_CONDITIONS = DEBUG;
				SWIFT_OPTIMIZATION_LEVEL = "-Onone";
			};
			name = Debug;
		};
		17D6BC59256F97E200D87934 /* Release */ = {
			isa = XCBuildConfiguration;
			buildSettings = {
				ALWAYS_SEARCH_USER_PATHS = NO;
				CLANG_ANALYZER_NONNULL = YES;
				CLANG_ANALYZER_NUMBER_OBJECT_CONVERSION = YES_AGGRESSIVE;
				CLANG_CXX_LANGUAGE_STANDARD = "gnu++14";
				CLANG_CXX_LIBRARY = "libc++";
				CLANG_ENABLE_MODULES = YES;
				CLANG_ENABLE_OBJC_ARC = YES;
				CLANG_ENABLE_OBJC_WEAK = YES;
				CLANG_WARN_BLOCK_CAPTURE_AUTORELEASING = YES;
				CLANG_WARN_BOOL_CONVERSION = YES;
				CLANG_WARN_COMMA = YES;
				CLANG_WARN_CONSTANT_CONVERSION = YES;
				CLANG_WARN_DEPRECATED_OBJC_IMPLEMENTATIONS = YES;
				CLANG_WARN_DIRECT_OBJC_ISA_USAGE = YES_ERROR;
				CLANG_WARN_DOCUMENTATION_COMMENTS = YES;
				CLANG_WARN_EMPTY_BODY = YES;
				CLANG_WARN_ENUM_CONVERSION = YES;
				CLANG_WARN_INFINITE_RECURSION = YES;
				CLANG_WARN_INT_CONVERSION = YES;
				CLANG_WARN_NON_LITERAL_NULL_CONVERSION = YES;
				CLANG_WARN_OBJC_IMPLICIT_RETAIN_SELF = YES;
				CLANG_WARN_OBJC_LITERAL_CONVERSION = YES;
				CLANG_WARN_OBJC_ROOT_CLASS = YES_ERROR;
				CLANG_WARN_QUOTED_INCLUDE_IN_FRAMEWORK_HEADER = YES;
				CLANG_WARN_RANGE_LOOP_ANALYSIS = YES;
				CLANG_WARN_STRICT_PROTOTYPES = YES;
				CLANG_WARN_SUSPICIOUS_MOVE = YES;
				CLANG_WARN_UNGUARDED_AVAILABILITY = YES_AGGRESSIVE;
				CLANG_WARN_UNREACHABLE_CODE = YES;
				CLANG_WARN__DUPLICATE_METHOD_MATCH = YES;
				COPY_PHASE_STRIP = NO;
				DEBUG_INFORMATION_FORMAT = "dwarf-with-dsym";
				ENABLE_NS_ASSERTIONS = NO;
				ENABLE_STRICT_OBJC_MSGSEND = YES;
				GCC_C_LANGUAGE_STANDARD = gnu11;
				GCC_NO_COMMON_BLOCKS = YES;
				GCC_WARN_64_TO_32_BIT_CONVERSION = YES;
				GCC_WARN_ABOUT_RETURN_TYPE = YES_ERROR;
				GCC_WARN_UNDECLARED_SELECTOR = YES;
				GCC_WARN_UNINITIALIZED_AUTOS = YES_AGGRESSIVE;
				GCC_WARN_UNUSED_FUNCTION = YES;
				GCC_WARN_UNUSED_VARIABLE = YES;
				IPHONEOS_DEPLOYMENT_TARGET = 14.2;
				MTL_ENABLE_DEBUG_INFO = NO;
				MTL_FAST_MATH = YES;
				SDKROOT = iphoneos;
				SWIFT_COMPILATION_MODE = wholemodule;
				SWIFT_OPTIMIZATION_LEVEL = "-O";
				VALIDATE_PRODUCT = YES;
			};
			name = Release;
		};
		17D6BC5B256F97E200D87934 /* Debug */ = {
			isa = XCBuildConfiguration;
			buildSettings = {
				ASSETCATALOG_COMPILER_APPICON_NAME = AppIcon;
				ASSETCATALOG_COMPILER_GLOBAL_ACCENT_COLOR_NAME = AccentColor;
				CODE_SIGN_STYLE = Automatic;
				DEVELOPMENT_ASSET_PATHS = "\"SwiftUIAnimations/Preview Content\"";
				ENABLE_PREVIEWS = YES;
				INFOPLIST_FILE = SwiftUIAnimations/Info.plist;
				IPHONEOS_DEPLOYMENT_TARGET = 14.0;
				LD_RUNPATH_SEARCH_PATHS = (
					"$(inherited)",
					"@executable_path/Frameworks",
				);
				PRODUCT_BUNDLE_IDENTIFIER = com.yourcompany.SwiftUIAnimations;
				PRODUCT_NAME = "$(TARGET_NAME)";
				SWIFT_VERSION = 5.0;
				TARGETED_DEVICE_FAMILY = "1,2";
			};
			name = Debug;
		};
		17D6BC5C256F97E200D87934 /* Release */ = {
			isa = XCBuildConfiguration;
			buildSettings = {
				ASSETCATALOG_COMPILER_APPICON_NAME = AppIcon;
				ASSETCATALOG_COMPILER_GLOBAL_ACCENT_COLOR_NAME = AccentColor;
				CODE_SIGN_STYLE = Automatic;
				DEVELOPMENT_ASSET_PATHS = "\"SwiftUIAnimations/Preview Content\"";
				ENABLE_PREVIEWS = YES;
				INFOPLIST_FILE = SwiftUIAnimations/Info.plist;
				IPHONEOS_DEPLOYMENT_TARGET = 14.0;
				LD_RUNPATH_SEARCH_PATHS = (
					"$(inherited)",
					"@executable_path/Frameworks",
				);
				PRODUCT_BUNDLE_IDENTIFIER = com.yourcompany.SwiftUIAnimations;
				PRODUCT_NAME = "$(TARGET_NAME)";
				SWIFT_VERSION = 5.0;
				TARGETED_DEVICE_FAMILY = "1,2";
			};
			name = Release;
		};
/* End XCBuildConfiguration section */

/* Begin XCConfigurationList section */
		17D6BC46256F97E100D87934 /* Build configuration list for PBXProject "MySwiftUIAnimations" */ = {
			isa = XCConfigurationList;
			buildConfigurations = (
				17D6BC58256F97E200D87934 /* Debug */,
				17D6BC59256F97E200D87934 /* Release */,
			);
			defaultConfigurationIsVisible = 0;
			defaultConfigurationName = Release;
		};
		17D6BC5A256F97E200D87934 /* Build configuration list for PBXNativeTarget "SwiftUIAnimations" */ = {
			isa = XCConfigurationList;
			buildConfigurations = (
				17D6BC5B256F97E200D87934 /* Debug */,
				17D6BC5C256F97E200D87934 /* Release */,
			);
			defaultConfigurationIsVisible = 0;
			defaultConfigurationName = Release;
		};
/* End XCConfigurationList section */
	};
	rootObject = 17D6BC43256F97E100D87934 /* Project object */;
}
